// !$*UTF8*$!
{
	archiveVersion = 1;
	classes = {
	};
	objectVersion = 77;
	objects = {

/* Begin PBXBuildFile section */
		3508D0082DBC43EA00B9AFD2 /* MuxStatsTHEOplayer in Frameworks */ = {isa = PBXBuildFile; productRef = 3508D0072DBC43EA00B9AFD2 /* MuxStatsTHEOplayer */; };
/* End PBXBuildFile section */

/* Begin PBXContainerItemProxy section */
		3508CFE72DBC403B00B9AFD2 /* PBXContainerItemProxy */ = {
			isa = PBXContainerItemProxy;
			containerPortal = 3508CFC82DBC403900B9AFD2 /* Project object */;
			proxyType = 1;
			remoteGlobalIDString = 3508CFCF2DBC403900B9AFD2;
			remoteInfo = MUXSDKStatsTHEOplayerSPMExample;
		};
		3508CFF12DBC403B00B9AFD2 /* PBXContainerItemProxy */ = {
			isa = PBXContainerItemProxy;
			containerPortal = 3508CFC82DBC403900B9AFD2 /* Project object */;
			proxyType = 1;
			remoteGlobalIDString = 3508CFCF2DBC403900B9AFD2;
			remoteInfo = MUXSDKStatsTHEOplayerSPMExample;
		};
/* End PBXContainerItemProxy section */

/* Begin PBXFileReference section */
		3508CFD02DBC403900B9AFD2 /* MUXSDKStatsTHEOplayerSPMExample.app */ = {isa = PBXFileReference; explicitFileType = wrapper.application; includeInIndex = 0; path = MUXSDKStatsTHEOplayerSPMExample.app; sourceTree = BUILT_PRODUCTS_DIR; };
		3508CFE62DBC403B00B9AFD2 /* MUXSDKStatsTHEOplayerSPMExampleTests.xctest */ = {isa = PBXFileReference; explicitFileType = wrapper.cfbundle; includeInIndex = 0; path = MUXSDKStatsTHEOplayerSPMExampleTests.xctest; sourceTree = BUILT_PRODUCTS_DIR; };
		3508CFF02DBC403B00B9AFD2 /* MUXSDKStatsTHEOplayerSPMExampleUITests.xctest */ = {isa = PBXFileReference; explicitFileType = wrapper.cfbundle; includeInIndex = 0; path = MUXSDKStatsTHEOplayerSPMExampleUITests.xctest; sourceTree = BUILT_PRODUCTS_DIR; };
/* End PBXFileReference section */

/* Begin PBXFileSystemSynchronizedBuildFileExceptionSet section */
		3508CFF82DBC403B00B9AFD2 /* Exceptions for "MUXSDKStatsTHEOplayerSPMExample" folder in "MUXSDKStatsTHEOplayerSPMExample" target */ = {
			isa = PBXFileSystemSynchronizedBuildFileExceptionSet;
			membershipExceptions = (
				Info.plist,
			);
			target = 3508CFCF2DBC403900B9AFD2 /* MUXSDKStatsTHEOplayerSPMExample */;
		};
/* End PBXFileSystemSynchronizedBuildFileExceptionSet section */

/* Begin PBXFileSystemSynchronizedRootGroup section */
		3508CFD22DBC403900B9AFD2 /* MUXSDKStatsTHEOplayerSPMExample */ = {
			isa = PBXFileSystemSynchronizedRootGroup;
			exceptions = (
				3508CFF82DBC403B00B9AFD2 /* Exceptions for "MUXSDKStatsTHEOplayerSPMExample" folder in "MUXSDKStatsTHEOplayerSPMExample" target */,
			);
			path = MUXSDKStatsTHEOplayerSPMExample;
			sourceTree = "<group>";
		};
		3508CFE92DBC403B00B9AFD2 /* MUXSDKStatsTHEOplayerSPMExampleTests */ = {
			isa = PBXFileSystemSynchronizedRootGroup;
			path = MUXSDKStatsTHEOplayerSPMExampleTests;
			sourceTree = "<group>";
		};
		3508CFF32DBC403B00B9AFD2 /* MUXSDKStatsTHEOplayerSPMExampleUITests */ = {
			isa = PBXFileSystemSynchronizedRootGroup;
			path = MUXSDKStatsTHEOplayerSPMExampleUITests;
			sourceTree = "<group>";
		};
/* End PBXFileSystemSynchronizedRootGroup section */

/* Begin PBXFrameworksBuildPhase section */
		3508CFCD2DBC403900B9AFD2 /* Frameworks */ = {
			isa = PBXFrameworksBuildPhase;
			buildActionMask = 2147483647;
			files = (
				3508D0082DBC43EA00B9AFD2 /* MuxStatsTHEOplayer in Frameworks */,
			);
			runOnlyForDeploymentPostprocessing = 0;
		};
		3508CFE32DBC403B00B9AFD2 /* Frameworks */ = {
			isa = PBXFrameworksBuildPhase;
			buildActionMask = 2147483647;
			files = (
			);
			runOnlyForDeploymentPostprocessing = 0;
		};
		3508CFED2DBC403B00B9AFD2 /* Frameworks */ = {
			isa = PBXFrameworksBuildPhase;
			buildActionMask = 2147483647;
			files = (
			);
			runOnlyForDeploymentPostprocessing = 0;
		};
/* End PBXFrameworksBuildPhase section */

/* Begin PBXGroup section */
		3508CFC72DBC403900B9AFD2 = {
			isa = PBXGroup;
			children = (
				3508CFD22DBC403900B9AFD2 /* MUXSDKStatsTHEOplayerSPMExample */,
				3508CFE92DBC403B00B9AFD2 /* MUXSDKStatsTHEOplayerSPMExampleTests */,
				3508CFF32DBC403B00B9AFD2 /* MUXSDKStatsTHEOplayerSPMExampleUITests */,
				3508CFD12DBC403900B9AFD2 /* Products */,
			);
			sourceTree = "<group>";
		};
		3508CFD12DBC403900B9AFD2 /* Products */ = {
			isa = PBXGroup;
			children = (
				3508CFD02DBC403900B9AFD2 /* MUXSDKStatsTHEOplayerSPMExample.app */,
				3508CFE62DBC403B00B9AFD2 /* MUXSDKStatsTHEOplayerSPMExampleTests.xctest */,
				3508CFF02DBC403B00B9AFD2 /* MUXSDKStatsTHEOplayerSPMExampleUITests.xctest */,
			);
			name = Products;
			sourceTree = "<group>";
		};
/* End PBXGroup section */

/* Begin PBXNativeTarget section */
		3508CFCF2DBC403900B9AFD2 /* MUXSDKStatsTHEOplayerSPMExample */ = {
			isa = PBXNativeTarget;
			buildConfigurationList = 3508CFF92DBC403B00B9AFD2 /* Build configuration list for PBXNativeTarget "MUXSDKStatsTHEOplayerSPMExample" */;
			buildPhases = (
				3508CFCC2DBC403900B9AFD2 /* Sources */,
				3508CFCD2DBC403900B9AFD2 /* Frameworks */,
				3508CFCE2DBC403900B9AFD2 /* Resources */,
			);
			buildRules = (
			);
			dependencies = (
			);
			fileSystemSynchronizedGroups = (
				3508CFD22DBC403900B9AFD2 /* MUXSDKStatsTHEOplayerSPMExample */,
			);
			name = MUXSDKStatsTHEOplayerSPMExample;
			packageProductDependencies = (
				3508D0072DBC43EA00B9AFD2 /* MuxStatsTHEOplayer */,
			);
			productName = MUXSDKStatsTHEOplayerSPMExample;
			productReference = 3508CFD02DBC403900B9AFD2 /* MUXSDKStatsTHEOplayerSPMExample.app */;
			productType = "com.apple.product-type.application";
		};
		3508CFE52DBC403B00B9AFD2 /* MUXSDKStatsTHEOplayerSPMExampleTests */ = {
			isa = PBXNativeTarget;
			buildConfigurationList = 3508CFFE2DBC403B00B9AFD2 /* Build configuration list for PBXNativeTarget "MUXSDKStatsTHEOplayerSPMExampleTests" */;
			buildPhases = (
				3508CFE22DBC403B00B9AFD2 /* Sources */,
				3508CFE32DBC403B00B9AFD2 /* Frameworks */,
				3508CFE42DBC403B00B9AFD2 /* Resources */,
			);
			buildRules = (
			);
			dependencies = (
				3508CFE82DBC403B00B9AFD2 /* PBXTargetDependency */,
			);
			fileSystemSynchronizedGroups = (
				3508CFE92DBC403B00B9AFD2 /* MUXSDKStatsTHEOplayerSPMExampleTests */,
			);
			name = MUXSDKStatsTHEOplayerSPMExampleTests;
			packageProductDependencies = (
			);
			productName = MUXSDKStatsTHEOplayerSPMExampleTests;
			productReference = 3508CFE62DBC403B00B9AFD2 /* MUXSDKStatsTHEOplayerSPMExampleTests.xctest */;
			productType = "com.apple.product-type.bundle.unit-test";
		};
		3508CFEF2DBC403B00B9AFD2 /* MUXSDKStatsTHEOplayerSPMExampleUITests */ = {
			isa = PBXNativeTarget;
			buildConfigurationList = 3508D0012DBC403B00B9AFD2 /* Build configuration list for PBXNativeTarget "MUXSDKStatsTHEOplayerSPMExampleUITests" */;
			buildPhases = (
				3508CFEC2DBC403B00B9AFD2 /* Sources */,
				3508CFED2DBC403B00B9AFD2 /* Frameworks */,
				3508CFEE2DBC403B00B9AFD2 /* Resources */,
			);
			buildRules = (
			);
			dependencies = (
				3508CFF22DBC403B00B9AFD2 /* PBXTargetDependency */,
			);
			fileSystemSynchronizedGroups = (
				3508CFF32DBC403B00B9AFD2 /* MUXSDKStatsTHEOplayerSPMExampleUITests */,
			);
			name = MUXSDKStatsTHEOplayerSPMExampleUITests;
			packageProductDependencies = (
			);
			productName = MUXSDKStatsTHEOplayerSPMExampleUITests;
			productReference = 3508CFF02DBC403B00B9AFD2 /* MUXSDKStatsTHEOplayerSPMExampleUITests.xctest */;
			productType = "com.apple.product-type.bundle.ui-testing";
		};
/* End PBXNativeTarget section */

/* Begin PBXProject section */
		3508CFC82DBC403900B9AFD2 /* Project object */ = {
			isa = PBXProject;
			attributes = {
				BuildIndependentTargetsInParallel = 1;
				LastSwiftUpdateCheck = 1630;
				LastUpgradeCheck = 1630;
				TargetAttributes = {
					3508CFCF2DBC403900B9AFD2 = {
						CreatedOnToolsVersion = 16.3;
					};
					3508CFE52DBC403B00B9AFD2 = {
						CreatedOnToolsVersion = 16.3;
						TestTargetID = 3508CFCF2DBC403900B9AFD2;
					};
					3508CFEF2DBC403B00B9AFD2 = {
						CreatedOnToolsVersion = 16.3;
						TestTargetID = 3508CFCF2DBC403900B9AFD2;
					};
				};
			};
			buildConfigurationList = 3508CFCB2DBC403900B9AFD2 /* Build configuration list for PBXProject "MUXSDKStatsTHEOplayerSPMExample" */;
			developmentRegion = en;
			hasScannedForEncodings = 0;
			knownRegions = (
				en,
				Base,
			);
			mainGroup = 3508CFC72DBC403900B9AFD2;
			minimizedProjectReferenceProxies = 1;
			packageReferences = (
				3508D0062DBC43EA00B9AFD2 /* XCLocalSwiftPackageReference "../../../mux-stats-sdk-theoplayer-ios" */,
			);
			preferredProjectObjectVersion = 77;
			productRefGroup = 3508CFD12DBC403900B9AFD2 /* Products */;
			projectDirPath = "";
			projectRoot = "";
			targets = (
				3508CFCF2DBC403900B9AFD2 /* MUXSDKStatsTHEOplayerSPMExample */,
				3508CFE52DBC403B00B9AFD2 /* MUXSDKStatsTHEOplayerSPMExampleTests */,
				3508CFEF2DBC403B00B9AFD2 /* MUXSDKStatsTHEOplayerSPMExampleUITests */,
			);
		};
/* End PBXProject section */

/* Begin PBXResourcesBuildPhase section */
		3508CFCE2DBC403900B9AFD2 /* Resources */ = {
			isa = PBXResourcesBuildPhase;
			buildActionMask = 2147483647;
			files = (
			);
			runOnlyForDeploymentPostprocessing = 0;
		};
		3508CFE42DBC403B00B9AFD2 /* Resources */ = {
			isa = PBXResourcesBuildPhase;
			buildActionMask = 2147483647;
			files = (
			);
			runOnlyForDeploymentPostprocessing = 0;
		};
		3508CFEE2DBC403B00B9AFD2 /* Resources */ = {
			isa = PBXResourcesBuildPhase;
			buildActionMask = 2147483647;
			files = (
			);
			runOnlyForDeploymentPostprocessing = 0;
		};
/* End PBXResourcesBuildPhase section */

/* Begin PBXSourcesBuildPhase section */
		3508CFCC2DBC403900B9AFD2 /* Sources */ = {
			isa = PBXSourcesBuildPhase;
			buildActionMask = 2147483647;
			files = (
			);
			runOnlyForDeploymentPostprocessing = 0;
		};
		3508CFE22DBC403B00B9AFD2 /* Sources */ = {
			isa = PBXSourcesBuildPhase;
			buildActionMask = 2147483647;
			files = (
			);
			runOnlyForDeploymentPostprocessing = 0;
		};
		3508CFEC2DBC403B00B9AFD2 /* Sources */ = {
			isa = PBXSourcesBuildPhase;
			buildActionMask = 2147483647;
			files = (
			);
			runOnlyForDeploymentPostprocessing = 0;
		};
/* End PBXSourcesBuildPhase section */

/* Begin PBXTargetDependency section */
		3508CFE82DBC403B00B9AFD2 /* PBXTargetDependency */ = {
			isa = PBXTargetDependency;
			target = 3508CFCF2DBC403900B9AFD2 /* MUXSDKStatsTHEOplayerSPMExample */;
			targetProxy = 3508CFE72DBC403B00B9AFD2 /* PBXContainerItemProxy */;
		};
		3508CFF22DBC403B00B9AFD2 /* PBXTargetDependency */ = {
			isa = PBXTargetDependency;
			target = 3508CFCF2DBC403900B9AFD2 /* MUXSDKStatsTHEOplayerSPMExample */;
			targetProxy = 3508CFF12DBC403B00B9AFD2 /* PBXContainerItemProxy */;
		};
/* End PBXTargetDependency section */

/* Begin XCBuildConfiguration section */
		3508CFFA2DBC403B00B9AFD2 /* Debug */ = {
			isa = XCBuildConfiguration;
			buildSettings = {
				ASSETCATALOG_COMPILER_APPICON_NAME = AppIcon;
				ASSETCATALOG_COMPILER_GLOBAL_ACCENT_COLOR_NAME = AccentColor;
				CODE_SIGN_STYLE = Automatic;
				CURRENT_PROJECT_VERSION = 1;
				DEVELOPMENT_TEAM = XX95P4Y787;
				GENERATE_INFOPLIST_FILE = YES;
				INFOPLIST_FILE = MUXSDKStatsTHEOplayerSPMExample/Info.plist;
				INFOPLIST_KEY_UIApplicationSupportsIndirectInputEvents = YES;
				INFOPLIST_KEY_UILaunchStoryboardName = LaunchScreen;
				INFOPLIST_KEY_UIMainStoryboardFile = Main;
				INFOPLIST_KEY_UISupportedInterfaceOrientations_iPad = "UIInterfaceOrientationPortrait UIInterfaceOrientationPortraitUpsideDown UIInterfaceOrientationLandscapeLeft UIInterfaceOrientationLandscapeRight";
				INFOPLIST_KEY_UISupportedInterfaceOrientations_iPhone = "UIInterfaceOrientationPortrait UIInterfaceOrientationLandscapeLeft UIInterfaceOrientationLandscapeRight";
				LD_RUNPATH_SEARCH_PATHS = (
					"$(inherited)",
					"@executable_path/Frameworks",
				);
				MARKETING_VERSION = 1.0;
				PRODUCT_BUNDLE_IDENTIFIER = com.mux.data.MUXSDKStatsTHEOplayerSPMExample;
				PRODUCT_NAME = "$(TARGET_NAME)";
				SWIFT_EMIT_LOC_STRINGS = YES;
				SWIFT_VERSION = 5.0;
				TARGETED_DEVICE_FAMILY = "1,2";
			};
			name = Debug;
		};
		3508CFFB2DBC403B00B9AFD2 /* Release */ = {
			isa = XCBuildConfiguration;
			buildSettings = {
				ASSETCATALOG_COMPILER_APPICON_NAME = AppIcon;
				ASSETCATALOG_COMPILER_GLOBAL_ACCENT_COLOR_NAME = AccentColor;
				CODE_SIGN_STYLE = Automatic;
				CURRENT_PROJECT_VERSION = 1;
				DEVELOPMENT_TEAM = XX95P4Y787;
				GENERATE_INFOPLIST_FILE = YES;
				INFOPLIST_FILE = MUXSDKStatsTHEOplayerSPMExample/Info.plist;
				INFOPLIST_KEY_UIApplicationSupportsIndirectInputEvents = YES;
				INFOPLIST_KEY_UILaunchStoryboardName = LaunchScreen;
				INFOPLIST_KEY_UIMainStoryboardFile = Main;
				INFOPLIST_KEY_UISupportedInterfaceOrientations_iPad = "UIInterfaceOrientationPortrait UIInterfaceOrientationPortraitUpsideDown UIInterfaceOrientationLandscapeLeft UIInterfaceOrientationLandscapeRight";
				INFOPLIST_KEY_UISupportedInterfaceOrientations_iPhone = "UIInterfaceOrientationPortrait UIInterfaceOrientationLandscapeLeft UIInterfaceOrientationLandscapeRight";
				LD_RUNPATH_SEARCH_PATHS = (
					"$(inherited)",
					"@executable_path/Frameworks",
				);
				MARKETING_VERSION = 1.0;
				PRODUCT_BUNDLE_IDENTIFIER = com.mux.data.MUXSDKStatsTHEOplayerSPMExample;
				PRODUCT_NAME = "$(TARGET_NAME)";
				SWIFT_EMIT_LOC_STRINGS = YES;
				SWIFT_VERSION = 5.0;
				TARGETED_DEVICE_FAMILY = "1,2";
			};
			name = Release;
		};
		3508CFFC2DBC403B00B9AFD2 /* Debug */ = {
			isa = XCBuildConfiguration;
			buildSettings = {
				ALWAYS_SEARCH_USER_PATHS = NO;
				ASSETCATALOG_COMPILER_GENERATE_SWIFT_ASSET_SYMBOL_EXTENSIONS = YES;
				CLANG_ANALYZER_NONNULL = YES;
				CLANG_ANALYZER_NUMBER_OBJECT_CONVERSION = YES_AGGRESSIVE;
				CLANG_CXX_LANGUAGE_STANDARD = "gnu++20";
				CLANG_ENABLE_MODULES = YES;
				CLANG_ENABLE_OBJC_ARC = YES;
				CLANG_ENABLE_OBJC_WEAK = YES;
				CLANG_WARN_BLOCK_CAPTURE_AUTORELEASING = YES;
				CLANG_WARN_BOOL_CONVERSION = YES;
				CLANG_WARN_COMMA = YES;
				CLANG_WARN_CONSTANT_CONVERSION = YES;
				CLANG_WARN_DEPRECATED_OBJC_IMPLEMENTATIONS = YES;
				CLANG_WARN_DIRECT_OBJC_ISA_USAGE = YES_ERROR;
				CLANG_WARN_DOCUMENTATION_COMMENTS = YES;
				CLANG_WARN_EMPTY_BODY = YES;
				CLANG_WARN_ENUM_CONVERSION = YES;
				CLANG_WARN_INFINITE_RECURSION = YES;
				CLANG_WARN_INT_CONVERSION = YES;
				CLANG_WARN_NON_LITERAL_NULL_CONVERSION = YES;
				CLANG_WARN_OBJC_IMPLICIT_RETAIN_SELF = YES;
				CLANG_WARN_OBJC_LITERAL_CONVERSION = YES;
				CLANG_WARN_OBJC_ROOT_CLASS = YES_ERROR;
				CLANG_WARN_QUOTED_INCLUDE_IN_FRAMEWORK_HEADER = YES;
				CLANG_WARN_RANGE_LOOP_ANALYSIS = YES;
				CLANG_WARN_STRICT_PROTOTYPES = YES;
				CLANG_WARN_SUSPICIOUS_MOVE = YES;
				CLANG_WARN_UNGUARDED_AVAILABILITY = YES_AGGRESSIVE;
				CLANG_WARN_UNREACHABLE_CODE = YES;
				CLANG_WARN__DUPLICATE_METHOD_MATCH = YES;
				COPY_PHASE_STRIP = NO;
				DEBUG_INFORMATION_FORMAT = dwarf;
				DEVELOPMENT_TEAM = XX95P4Y787;
				ENABLE_STRICT_OBJC_MSGSEND = YES;
				ENABLE_TESTABILITY = YES;
				ENABLE_USER_SCRIPT_SANDBOXING = YES;
				GCC_C_LANGUAGE_STANDARD = gnu17;
				GCC_DYNAMIC_NO_PIC = NO;
				GCC_NO_COMMON_BLOCKS = YES;
				GCC_OPTIMIZATION_LEVEL = 0;
				GCC_PREPROCESSOR_DEFINITIONS = (
					"DEBUG=1",
					"$(inherited)",
				);
				GCC_WARN_64_TO_32_BIT_CONVERSION = YES;
				GCC_WARN_ABOUT_RETURN_TYPE = YES_ERROR;
				GCC_WARN_UNDECLARED_SELECTOR = YES;
				GCC_WARN_UNINITIALIZED_AUTOS = YES_AGGRESSIVE;
				GCC_WARN_UNUSED_FUNCTION = YES;
				GCC_WARN_UNUSED_VARIABLE = YES;
				IPHONEOS_DEPLOYMENT_TARGET = 18.4;
				LOCALIZATION_PREFERS_STRING_CATALOGS = YES;
				MTL_ENABLE_DEBUG_INFO = INCLUDE_SOURCE;
				MTL_FAST_MATH = YES;
				ONLY_ACTIVE_ARCH = YES;
				SDKROOT = iphoneos;
				SWIFT_ACTIVE_COMPILATION_CONDITIONS = "DEBUG $(inherited)";
				SWIFT_OPTIMIZATION_LEVEL = "-Onone";
			};
			name = Debug;
		};
		3508CFFD2DBC403B00B9AFD2 /* Release */ = {
			isa = XCBuildConfiguration;
			buildSettings = {
				ALWAYS_SEARCH_USER_PATHS = NO;
				ASSETCATALOG_COMPILER_GENERATE_SWIFT_ASSET_SYMBOL_EXTENSIONS = YES;
				CLANG_ANALYZER_NONNULL = YES;
				CLANG_ANALYZER_NUMBER_OBJECT_CONVERSION = YES_AGGRESSIVE;
				CLANG_CXX_LANGUAGE_STANDARD = "gnu++20";
				CLANG_ENABLE_MODULES = YES;
				CLANG_ENABLE_OBJC_ARC = YES;
				CLANG_ENABLE_OBJC_WEAK = YES;
				CLANG_WARN_BLOCK_CAPTURE_AUTORELEASING = YES;
				CLANG_WARN_BOOL_CONVERSION = YES;
				CLANG_WARN_COMMA = YES;
				CLANG_WARN_CONSTANT_CONVERSION = YES;
				CLANG_WARN_DEPRECATED_OBJC_IMPLEMENTATIONS = YES;
				CLANG_WARN_DIRECT_OBJC_ISA_USAGE = YES_ERROR;
				CLANG_WARN_DOCUMENTATION_COMMENTS = YES;
				CLANG_WARN_EMPTY_BODY = YES;
				CLANG_WARN_ENUM_CONVERSION = YES;
				CLANG_WARN_INFINITE_RECURSION = YES;
				CLANG_WARN_INT_CONVERSION = YES;
				CLANG_WARN_NON_LITERAL_NULL_CONVERSION = YES;
				CLANG_WARN_OBJC_IMPLICIT_RETAIN_SELF = YES;
				CLANG_WARN_OBJC_LITERAL_CONVERSION = YES;
				CLANG_WARN_OBJC_ROOT_CLASS = YES_ERROR;
				CLANG_WARN_QUOTED_INCLUDE_IN_FRAMEWORK_HEADER = YES;
				CLANG_WARN_RANGE_LOOP_ANALYSIS = YES;
				CLANG_WARN_STRICT_PROTOTYPES = YES;
				CLANG_WARN_SUSPICIOUS_MOVE = YES;
				CLANG_WARN_UNGUARDED_AVAILABILITY = YES_AGGRESSIVE;
				CLANG_WARN_UNREACHABLE_CODE = YES;
				CLANG_WARN__DUPLICATE_METHOD_MATCH = YES;
				COPY_PHASE_STRIP = NO;
				DEBUG_INFORMATION_FORMAT = "dwarf-with-dsym";
				DEVELOPMENT_TEAM = XX95P4Y787;
				ENABLE_NS_ASSERTIONS = NO;
				ENABLE_STRICT_OBJC_MSGSEND = YES;
				ENABLE_USER_SCRIPT_SANDBOXING = YES;
				GCC_C_LANGUAGE_STANDARD = gnu17;
				GCC_NO_COMMON_BLOCKS = YES;
				GCC_WARN_64_TO_32_BIT_CONVERSION = YES;
				GCC_WARN_ABOUT_RETURN_TYPE = YES_ERROR;
				GCC_WARN_UNDECLARED_SELECTOR = YES;
				GCC_WARN_UNINITIALIZED_AUTOS = YES_AGGRESSIVE;
				GCC_WARN_UNUSED_FUNCTION = YES;
				GCC_WARN_UNUSED_VARIABLE = YES;
				IPHONEOS_DEPLOYMENT_TARGET = 18.4;
				LOCALIZATION_PREFERS_STRING_CATALOGS = YES;
				MTL_ENABLE_DEBUG_INFO = NO;
				MTL_FAST_MATH = YES;
				SDKROOT = iphoneos;
				SWIFT_COMPILATION_MODE = wholemodule;
				VALIDATE_PRODUCT = YES;
			};
			name = Release;
		};
		3508CFFF2DBC403B00B9AFD2 /* Debug */ = {
			isa = XCBuildConfiguration;
			buildSettings = {
				BUNDLE_LOADER = "$(TEST_HOST)";
				CODE_SIGN_STYLE = Automatic;
				CURRENT_PROJECT_VERSION = 1;
				DEVELOPMENT_TEAM = XX95P4Y787;
				GENERATE_INFOPLIST_FILE = YES;
				IPHONEOS_DEPLOYMENT_TARGET = 18.4;
				MARKETING_VERSION = 1.0;
				PRODUCT_BUNDLE_IDENTIFIER = com.mux.data.MUXSDKStatsTHEOplayerSPMExampleTests;
				PRODUCT_NAME = "$(TARGET_NAME)";
				SWIFT_EMIT_LOC_STRINGS = NO;
				SWIFT_VERSION = 5.0;
				TARGETED_DEVICE_FAMILY = "1,2";
				TEST_HOST = "$(BUILT_PRODUCTS_DIR)/MUXSDKStatsTHEOplayerSPMExample.app/$(BUNDLE_EXECUTABLE_FOLDER_PATH)/MUXSDKStatsTHEOplayerSPMExample";
			};
			name = Debug;
		};
		3508D0002DBC403B00B9AFD2 /* Release */ = {
			isa = XCBuildConfiguration;
			buildSettings = {
				BUNDLE_LOADER = "$(TEST_HOST)";
				CODE_SIGN_STYLE = Automatic;
				CURRENT_PROJECT_VERSION = 1;
				DEVELOPMENT_TEAM = XX95P4Y787;
				GENERATE_INFOPLIST_FILE = YES;
				IPHONEOS_DEPLOYMENT_TARGET = 18.4;
				MARKETING_VERSION = 1.0;
				PRODUCT_BUNDLE_IDENTIFIER = com.mux.data.MUXSDKStatsTHEOplayerSPMExampleTests;
				PRODUCT_NAME = "$(TARGET_NAME)";
				SWIFT_EMIT_LOC_STRINGS = NO;
				SWIFT_VERSION = 5.0;
				TARGETED_DEVICE_FAMILY = "1,2";
				TEST_HOST = "$(BUILT_PRODUCTS_DIR)/MUXSDKStatsTHEOplayerSPMExample.app/$(BUNDLE_EXECUTABLE_FOLDER_PATH)/MUXSDKStatsTHEOplayerSPMExample";
			};
			name = Release;
		};
		3508D0022DBC403B00B9AFD2 /* Debug */ = {
			isa = XCBuildConfiguration;
			buildSettings = {
				CODE_SIGN_STYLE = Automatic;
				CURRENT_PROJECT_VERSION = 1;
				DEVELOPMENT_TEAM = XX95P4Y787;
				GENERATE_INFOPLIST_FILE = YES;
				MARKETING_VERSION = 1.0;
				PRODUCT_BUNDLE_IDENTIFIER = com.mux.data.MUXSDKStatsTHEOplayerSPMExampleUITests;
				PRODUCT_NAME = "$(TARGET_NAME)";
				SWIFT_EMIT_LOC_STRINGS = NO;
				SWIFT_VERSION = 5.0;
				TARGETED_DEVICE_FAMILY = "1,2";
				TEST_TARGET_NAME = MUXSDKStatsTHEOplayerSPMExample;
			};
			name = Debug;
		};
		3508D0032DBC403B00B9AFD2 /* Release */ = {
			isa = XCBuildConfiguration;
			buildSettings = {
				CODE_SIGN_STYLE = Automatic;
				CURRENT_PROJECT_VERSION = 1;
				DEVELOPMENT_TEAM = XX95P4Y787;
				GENERATE_INFOPLIST_FILE = YES;
				MARKETING_VERSION = 1.0;
				PRODUCT_BUNDLE_IDENTIFIER = com.mux.data.MUXSDKStatsTHEOplayerSPMExampleUITests;
				PRODUCT_NAME = "$(TARGET_NAME)";
				SWIFT_EMIT_LOC_STRINGS = NO;
				SWIFT_VERSION = 5.0;
				TARGETED_DEVICE_FAMILY = "1,2";
				TEST_TARGET_NAME = MUXSDKStatsTHEOplayerSPMExample;
			};
			name = Release;
		};
/* End XCBuildConfiguration section */

/* Begin XCConfigurationList section */
		3508CFCB2DBC403900B9AFD2 /* Build configuration list for PBXProject "MUXSDKStatsTHEOplayerSPMExample" */ = {
			isa = XCConfigurationList;
			buildConfigurations = (
				3508CFFC2DBC403B00B9AFD2 /* Debug */,
				3508CFFD2DBC403B00B9AFD2 /* Release */,
			);
			defaultConfigurationIsVisible = 0;
			defaultConfigurationName = Release;
		};
		3508CFF92DBC403B00B9AFD2 /* Build configuration list for PBXNativeTarget "MUXSDKStatsTHEOplayerSPMExample" */ = {
			isa = XCConfigurationList;
			buildConfigurations = (
				3508CFFA2DBC403B00B9AFD2 /* Debug */,
				3508CFFB2DBC403B00B9AFD2 /* Release */,
			);
			defaultConfigurationIsVisible = 0;
			defaultConfigurationName = Release;
		};
		3508CFFE2DBC403B00B9AFD2 /* Build configuration list for PBXNativeTarget "MUXSDKStatsTHEOplayerSPMExampleTests" */ = {
			isa = XCConfigurationList;
			buildConfigurations = (
				3508CFFF2DBC403B00B9AFD2 /* Debug */,
				3508D0002DBC403B00B9AFD2 /* Release */,
			);
			defaultConfigurationIsVisible = 0;
			defaultConfigurationName = Release;
		};
		3508D0012DBC403B00B9AFD2 /* Build configuration list for PBXNativeTarget "MUXSDKStatsTHEOplayerSPMExampleUITests" */ = {
			isa = XCConfigurationList;
			buildConfigurations = (
				3508D0022DBC403B00B9AFD2 /* Debug */,
				3508D0032DBC403B00B9AFD2 /* Release */,
			);
			defaultConfigurationIsVisible = 0;
			defaultConfigurationName = Release;
		};
/* End XCConfigurationList section */

/* Begin XCLocalSwiftPackageReference section */
		3508D0062DBC43EA00B9AFD2 /* XCLocalSwiftPackageReference "../../../mux-stats-sdk-theoplayer-ios" */ = {
			isa = XCLocalSwiftPackageReference;
			relativePath = "../../../mux-stats-sdk-theoplayer-ios";
		};
/* End XCLocalSwiftPackageReference section */

/* Begin XCSwiftPackageProductDependency section */
		3508D0072DBC43EA00B9AFD2 /* MuxStatsTHEOplayer */ = {
			isa = XCSwiftPackageProductDependency;
			productName = MuxStatsTHEOplayer;
		};
/* End XCSwiftPackageProductDependency section */
	};
	rootObject = 3508CFC82DBC403900B9AFD2 /* Project object */;
}
