{
  "pins" : [
    {
      "identity" : "stats-sdk-objc",
      "kind" : "remoteSourceControl",
      "location" : "https://github.com/muxinc/stats-sdk-objc.git",
      "state" : {
        "revision" : "1d2c51af433eadb5f904904554422d7bc476c167",
        "version" : "5.4.0"
      }
    },
    {
      "identity" : "theoplayer-sdk-apple",
      "kind" : "remoteSourceControl",
      "location" : "https://github.com/THEOplayer/theoplayer-sdk-apple.git",
      "state" : {
        "revision" : "585d6d89db438bf516a4d0bebf5b7b1bf9aefcbe",
        "version" : "9.0.0"
      }
    }
  ],
  "version" : 2
}
