{
  "pins" : [
    {
      "identity" : "stats-sdk-objc",
      "kind" : "remoteSourceControl",
      "location" : "https://github.com/muxinc/stats-sdk-objc.git",
      "state" : {
        "revision" : "36fc59da21644e328c143a05f50510f575feec45",
        "version" : "5.7.1"
      }
    },
    {
      "identity" : "theoplayer-sdk-apple",
      "kind" : "remoteSourceControl",
      "location" : "https://github.com/THEOplayer/theoplayer-sdk-apple.git",
      "state" : {
        "revision" : "e9a587d2a499d225efce843a76c36770343cfbbc",
        "version" : "10.7.0"
      }
    }
  ],
  "version" : 2
}
