{
  "pins" : [
    {
      "identity" : "stats-sdk-objc",
      "kind" : "remoteSourceControl",
      "location" : "https://github.com/muxinc/stats-sdk-objc.git",
      "state" : {
        "revision" : "50d131b5b85f48ce496843eecdf812a5307d0721",
        "version" : "4.7.0"
      }
    },
    {
      "identity" : "theoplayer-sdk-ios",
      "kind" : "remoteSourceControl",
      "location" : "https://github.com/THEOplayer/theoplayer-sdk-ios.git",
      "state" : {
        "revision" : "0017ea9cdff100ffa330d210da6acec728d8c8cc",
        "version" : "7.1.1"
      }
    }
  ],
  "version" : 2
}
