PODS:
  - Mux-Stats-Core (2.3.0)
  - THEOplayerSDK-basic (2.92.0)

DEPENDENCIES:
  - Mux-Stats-Core (~> 2.0)
  - THEOplayerSDK-basic (~> 2.89)

SPEC REPOS:
  trunk:
    - Mux-Stats-Core
    - THEOplayerSDK-basic

SPEC CHECKSUMS:
  Mux-Stats-Core: 636c325a6e2cc54fad54db0918f3da674eef694a
  THEOplayerSDK-basic: 9d0faf5a62adf3ad8cb91c7542b995edf7b5e0c5

PODFILE CHECKSUM: 7ec06330f19a0f6f996229afc27a8abcaf4affd8

COCOAPODS: 1.11.2
