PODS:
  - Mux-Stats-Core (2.4.1)
  - Mux-Stats-THEOplayer (0.4.1):
    - Mux-Stats-Core (~> 2.3)

DEPENDENCIES:
  - Mux-Stats-THEOplayer (from `../..`)

SPEC REPOS:
  trunk:
    - Mux-Stats-Core

EXTERNAL SOURCES:
  Mux-Stats-THEOplayer:
    :path: "../.."

SPEC CHECKSUMS:
  Mux-Stats-Core: 0974bcd43bcf16d7ba07518f07001ba5c33749db
  Mux-Stats-THEOplayer: 50a53a72dbf7adfdbbc3fa34f8cc45832141be3e

PODFILE CHECKSUM: 809132d7eb84f2e96f0bc77737462559b912b259

COCOAPODS: 1.10.1
