PODS:
  - Mux-Stats-Core (3.10.1)
  - Mux-Stats-THEOplayer (0.4.1):
    - Mux-Stats-Core (~> 3.10.1)

DEPENDENCIES:
  - Mux-Stats-THEOplayer (from `../..`)

SPEC REPOS:
  trunk:
    - Mux-Stats-Core

EXTERNAL SOURCES:
  Mux-Stats-THEOplayer:
    :path: "../.."

SPEC CHECKSUMS:
  Mux-Stats-Core: 8921bc53dec169723c6cb40a3bedc087738c55a3
  Mux-Stats-THEOplayer: 85c1ec165a5ad78c6880480de4668ef829982087

PODFILE CHECKSUM: 809132d7eb84f2e96f0bc77737462559b912b259

COCOAPODS: 1.11.3
