PODS:
  - Mux-Stats-Core (3.10.1)
  - Mux-Stats-THEOplayer (0.5.0):
    - Mux-Stats-Core (~> 3.10)

DEPENDENCIES:
  - Mux-Stats-THEOplayer (from `../..`)

SPEC REPOS:
  trunk:
    - Mux-Stats-Core

EXTERNAL SOURCES:
  Mux-Stats-THEOplayer:
    :path: "../.."

SPEC CHECKSUMS:
  Mux-Stats-Core: 8921bc53dec169723c6cb40a3bedc087738c55a3
  Mux-Stats-THEOplayer: 68db4b53c1dc936c70c2cff6d7c01d55496c3d5d

PODFILE CHECKSUM: 809132d7eb84f2e96f0bc77737462559b912b259

COCOAPODS: 1.11.3
