PODS:
  - Mux-Stats-Core (4.7.1)
  - Mux-Stats-THEOplayer (0.10.0):
    - Mux-Stats-Core (~> 4.7.1)
    - THEOplayerSDK-core (~> 7.1.0)
  - THEOplayerSDK-core (7.1.1)

DEPENDENCIES:
  - Mux-Stats-THEOplayer (from `../..`)

SPEC REPOS:
  trunk:
    - Mux-Stats-Core
    - THEOplayerSDK-core

EXTERNAL SOURCES:
  Mux-Stats-THEOplayer:
    :path: "../.."

SPEC CHECKSUMS:
  Mux-Stats-Core: b3b61726282ee28e84656734469636ea42787581
  Mux-Stats-THEOplayer: 59a05707ac8e2f1f890c95380864f40affa8138d
  THEOplayerSDK-core: e960f03d10af9abd8c098d7f3eef5d792918871e

PODFILE CHECKSUM: a32ea9672a6cdcc75164b655ba3305c0cccc1ced

COCOAPODS: 1.15.2
